// !$*UTF8*$!
{
	archiveVersion = 1;
	classes = {
	};
	objectVersion = 56;
	objects = {

/* Begin PBXBuildFile section */
		9F67FD3028DA13180030944F /* AppDelegate.swift in Sources */ = {isa = PBXBuildFile; fileRef = 9F67FD2F28DA13180030944F /* AppDelegate.swift */; };
		9F67FD3228DA13180030944F /* SceneDelegate.swift in Sources */ = {isa = PBXBuildFile; fileRef = 9F67FD3128DA13180030944F /* SceneDelegate.swift */; };
		9F67FD3428DA13180030944F /* ViewController.swift in Sources */ = {isa = PBXBuildFile; fileRef = 9F67FD3328DA13180030944F /* ViewController.swift */; };
		9F67FD3728DA13180030944F /* Main.storyboard in Resources */ = {isa = PBXBuildFile; fileRef = 9F67FD3528DA13180030944F /* Main.storyboard */; };
		9F67FD3928DA13190030944F /* Assets.xcassets in Resources */ = {isa = PBXBuildFile; fileRef = 9F67FD3828DA13190030944F /* Assets.xcassets */; };
		9F67FD3C28DA13190030944F /* LaunchScreen.storyboard in Resources */ = {isa = PBXBuildFile; fileRef = 9F67FD3A28DA13190030944F /* LaunchScreen.storyboard */; };
		9F67FD4728DA13190030944F /* iosdev_firstappTests.swift in Sources */ = {isa = PBXBuildFile; fileRef = 9F67FD4628DA13190030944F /* iosdev_firstappTests.swift */; };
		9F67FD5128DA13190030944F /* iosdev_firstappUITests.swift in Sources */ = {isa = PBXBuildFile; fileRef = 9F67FD5028DA13190030944F /* iosdev_firstappUITests.swift */; };
		9F67FD5328DA13190030944F /* iosdev_firstappUITestsLaunchTests.swift in Sources */ = {isa = PBXBuildFile; fileRef = 9F67FD5228DA13190030944F /* iosdev_firstappUITestsLaunchTests.swift */; };
/* End PBXBuildFile section */

/* Begin PBXContainerItemProxy section */
		9F67FD4328DA13190030944F /* PBXContainerItemProxy */ = {
			isa = PBXContainerItemProxy;
			containerPortal = 9F67FD2428DA13170030944F /* Project object */;
			proxyType = 1;
			remoteGlobalIDString = 9F67FD2B28DA13180030944F;
			remoteInfo = "iosdev-firstapp";
		};
		9F67FD4D28DA13190030944F /* PBXContainerItemProxy */ = {
			isa = PBXContainerItemProxy;
			containerPortal = 9F67FD2428DA13170030944F /* Project object */;
			proxyType = 1;
			remoteGlobalIDString = 9F67FD2B28DA13180030944F;
			remoteInfo = "iosdev-firstapp";
		};
/* End PBXContainerItemProxy section */

/* Begin PBXFileReference section */
		9F67FD2C28DA13180030944F /* iosdev-firstapp.app */ = {isa = PBXFileReference; explicitFileType = wrapper.application; includeInIndex = 0; path = "iosdev-firstapp.app"; sourceTree = BUILT_PRODUCTS_DIR; };
		9F67FD2F28DA13180030944F /* AppDelegate.swift */ = {isa = PBXFileReference; lastKnownFileType = sourcecode.swift; path = AppDelegate.swift; sourceTree = "<group>"; };
		9F67FD3128DA13180030944F /* SceneDelegate.swift */ = {isa = PBXFileReference; lastKnownFileType = sourcecode.swift; path = SceneDelegate.swift; sourceTree = "<group>"; };
		9F67FD3328DA13180030944F /* ViewController.swift */ = {isa = PBXFileReference; lastKnownFileType = sourcecode.swift; path = ViewController.swift; sourceTree = "<group>"; };
		9F67FD3628DA13180030944F /* Base */ = {isa = PBXFileReference; lastKnownFileType = file.storyboard; name = Base; path = Base.lproj/Main.storyboard; sourceTree = "<group>"; };
		9F67FD3828DA13190030944F /* Assets.xcassets */ = {isa = PBXFileReference; lastKnownFileType = folder.assetcatalog; path = Assets.xcassets; sourceTree = "<group>"; };
		9F67FD3B28DA13190030944F /* Base */ = {isa = PBXFileReference; lastKnownFileType = file.storyboard; name = Base; path = Base.lproj/LaunchScreen.storyboard; sourceTree = "<group>"; };
		9F67FD3D28DA13190030944F /* Info.plist */ = {isa = PBXFileReference; lastKnownFileType = text.plist.xml; path = Info.plist; sourceTree = "<group>"; };
		9F67FD4228DA13190030944F /* iosdev-firstappTests.xctest */ = {isa = PBXFileReference; explicitFileType = wrapper.cfbundle; includeInIndex = 0; path = "iosdev-firstappTests.xctest"; sourceTree = BUILT_PRODUCTS_DIR; };
		9F67FD4628DA13190030944F /* iosdev_firstappTests.swift */ = {isa = PBXFileReference; lastKnownFileType = sourcecode.swift; path = iosdev_firstappTests.swift; sourceTree = "<group>"; };
		9F67FD4C28DA13190030944F /* iosdev-firstappUITests.xctest */ = {isa = PBXFileReference; explicitFileType = wrapper.cfbundle; includeInIndex = 0; path = "iosdev-firstappUITests.xctest"; sourceTree = BUILT_PRODUCTS_DIR; };
		9F67FD5028DA13190030944F /* iosdev_firstappUITests.swift */ = {isa = PBXFileReference; lastKnownFileType = sourcecode.swift; path = iosdev_firstappUITests.swift; sourceTree = "<group>"; };
		9F67FD5228DA13190030944F /* iosdev_firstappUITestsLaunchTests.swift */ = {isa = PBXFileReference; lastKnownFileType = sourcecode.swift; path = iosdev_firstappUITestsLaunchTests.swift; sourceTree = "<group>"; };
/* End PBXFileReference section */

/* Begin PBXFrameworksBuildPhase section */
		9F67FD2928DA13180030944F /* Frameworks */ = {
			isa = PBXFrameworksBuildPhase;
			buildActionMask = 2147483647;
			files = (
			);
			runOnlyForDeploymentPostprocessing = 0;
		};
		9F67FD3F28DA13190030944F /* Frameworks */ = {
			isa = PBXFrameworksBuildPhase;
			buildActionMask = 2147483647;
			files = (
			);
			runOnlyForDeploymentPostprocessing = 0;
		};
		9F67FD4928DA13190030944F /* Frameworks */ = {
			isa = PBXFrameworksBuildPhase;
			buildActionMask = 2147483647;
			files = (
			);
			runOnlyForDeploymentPostprocessing = 0;
		};
/* End PBXFrameworksBuildPhase section */

/* Begin PBXGroup section */
		9F67FD2328DA13170030944F = {
			isa = PBXGroup;
			children = (
				9F67FD2E28DA13180030944F /* iosdev-firstapp */,
				9F67FD4528DA13190030944F /* iosdev-firstappTests */,
				9F67FD4F28DA13190030944F /* iosdev-firstappUITests */,
				9F67FD2D28DA13180030944F /* Products */,
			);
			sourceTree = "<group>";
		};
		9F67FD2D28DA13180030944F /* Products */ = {
			isa = PBXGroup;
			children = (
				9F67FD2C28DA13180030944F /* iosdev-firstapp.app */,
				9F67FD4228DA13190030944F /* iosdev-firstappTests.xctest */,
				9F67FD4C28DA13190030944F /* iosdev-firstappUITests.xctest */,
			);
			name = Products;
			sourceTree = "<group>";
		};
		9F67FD2E28DA13180030944F /* iosdev-firstapp */ = {
			isa = PBXGroup;
			children = (
				9F67FD2F28DA13180030944F /* AppDelegate.swift */,
				9F67FD3128DA13180030944F /* SceneDelegate.swift */,
				9F67FD3328DA13180030944F /* ViewController.swift */,
				9F67FD3528DA13180030944F /* Main.storyboard */,
				9F67FD3828DA13190030944F /* Assets.xcassets */,
				9F67FD3A28DA13190030944F /* LaunchScreen.storyboard */,
				9F67FD3D28DA13190030944F /* Info.plist */,
			);
			path = "iosdev-firstapp";
			sourceTree = "<group>";
		};
		9F67FD4528DA13190030944F /* iosdev-firstappTests */ = {
			isa = PBXGroup;
			children = (
				9F67FD4628DA13190030944F /* iosdev_firstappTests.swift */,
			);
			path = "iosdev-firstappTests";
			sourceTree = "<group>";
		};
		9F67FD4F28DA13190030944F /* iosdev-firstappUITests */ = {
			isa = PBXGroup;
			children = (
				9F67FD5028DA13190030944F /* iosdev_firstappUITests.swift */,
				9F67FD5228DA13190030944F /* iosdev_firstappUITestsLaunchTests.swift */,
			);
			path = "iosdev-firstappUITests";
			sourceTree = "<group>";
		};
/* End PBXGroup section */

/* Begin PBXNativeTarget section */
		9F67FD2B28DA13180030944F /* iosdev-firstapp */ = {
			isa = PBXNativeTarget;
			buildConfigurationList = 9F67FD5628DA13190030944F /* Build configuration list for PBXNativeTarget "iosdev-firstapp" */;
			buildPhases = (
				9F67FD2828DA13180030944F /* Sources */,
				9F67FD2928DA13180030944F /* Frameworks */,
				9F67FD2A28DA13180030944F /* Resources */,
			);
			buildRules = (
			);
			dependencies = (
			);
			name = "iosdev-firstapp";
			productName = "iosdev-firstapp";
			productReference = 9F67FD2C28DA13180030944F /* iosdev-firstapp.app */;
			productType = "com.apple.product-type.application";
		};
		9F67FD4128DA13190030944F /* iosdev-firstappTests */ = {
			isa = PBXNativeTarget;
			buildConfigurationList = 9F67FD5928DA13190030944F /* Build configuration list for PBXNativeTarget "iosdev-firstappTests" */;
			buildPhases = (
				9F67FD3E28DA13190030944F /* Sources */,
				9F67FD3F28DA13190030944F /* Frameworks */,
				9F67FD4028DA13190030944F /* Resources */,
			);
			buildRules = (
			);
			dependencies = (
				9F67FD4428DA13190030944F /* PBXTargetDependency */,
			);
			name = "iosdev-firstappTests";
			productName = "iosdev-firstappTests";
			productReference = 9F67FD4228DA13190030944F /* iosdev-firstappTests.xctest */;
			productType = "com.apple.product-type.bundle.unit-test";
		};
		9F67FD4B28DA13190030944F /* iosdev-firstappUITests */ = {
			isa = PBXNativeTarget;
			buildConfigurationList = 9F67FD5C28DA13190030944F /* Build configuration list for PBXNativeTarget "iosdev-firstappUITests" */;
			buildPhases = (
				9F67FD4828DA13190030944F /* Sources */,
				9F67FD4928DA13190030944F /* Frameworks */,
				9F67FD4A28DA13190030944F /* Resources */,
			);
			buildRules = (
			);
			dependencies = (
				9F67FD4E28DA13190030944F /* PBXTargetDependency */,
			);
			name = "iosdev-firstappUITests";
			productName = "iosdev-firstappUITests";
			productReference = 9F67FD4C28DA13190030944F /* iosdev-firstappUITests.xctest */;
			productType = "com.apple.product-type.bundle.ui-testing";
		};
/* End PBXNativeTarget section */

/* Begin PBXProject section */
		9F67FD2428DA13170030944F /* Project object */ = {
			isa = PBXProject;
			attributes = {
				BuildIndependentTargetsInParallel = 1;
				LastSwiftUpdateCheck = 1400;
				LastUpgradeCheck = 1400;
				TargetAttributes = {
					9F67FD2B28DA13180030944F = {
						CreatedOnToolsVersion = 14.0;
					};
					9F67FD4128DA13190030944F = {
						CreatedOnToolsVersion = 14.0;
						TestTargetID = 9F67FD2B28DA13180030944F;
					};
					9F67FD4B28DA13190030944F = {
						CreatedOnToolsVersion = 14.0;
						TestTargetID = 9F67FD2B28DA13180030944F;
					};
				};
			};
			buildConfigurationList = 9F67FD2728DA13170030944F /* Build configuration list for PBXProject "iosdev-firstapp" */;
			compatibilityVersion = "Xcode 14.0";
			developmentRegion = en;
			hasScannedForEncodings = 0;
			knownRegions = (
				en,
				Base,
			);
			mainGroup = 9F67FD2328DA13170030944F;
			productRefGroup = 9F67FD2D28DA13180030944F /* Products */;
			projectDirPath = "";
			projectRoot = "";
			targets = (
				9F67FD2B28DA13180030944F /* iosdev-firstapp */,
				9F67FD4128DA13190030944F /* iosdev-firstappTests */,
				9F67FD4B28DA13190030944F /* iosdev-firstappUITests */,
			);
		};
/* End PBXProject section */

/* Begin PBXResourcesBuildPhase section */
		9F67FD2A28DA13180030944F /* Resources */ = {
			isa = PBXResourcesBuildPhase;
			buildActionMask = 2147483647;
			files = (
				9F67FD3C28DA13190030944F /* LaunchScreen.storyboard in Resources */,
				9F67FD3928DA13190030944F /* Assets.xcassets in Resources */,
				9F67FD3728DA13180030944F /* Main.storyboard in Resources */,
			);
			runOnlyForDeploymentPostprocessing = 0;
		};
		9F67FD4028DA13190030944F /* Resources */ = {
			isa = PBXResourcesBuildPhase;
			buildActionMask = 2147483647;
			files = (
			);
			runOnlyForDeploymentPostprocessing = 0;
		};
		9F67FD4A28DA13190030944F /* Resources */ = {
			isa = PBXResourcesBuildPhase;
			buildActionMask = 2147483647;
			files = (
			);
			runOnlyForDeploymentPostprocessing = 0;
		};
/* End PBXResourcesBuildPhase section */

/* Begin PBXSourcesBuildPhase section */
		9F67FD2828DA13180030944F /* Sources */ = {
			isa = PBXSourcesBuildPhase;
			buildActionMask = 2147483647;
			files = (
				9F67FD3428DA13180030944F /* ViewController.swift in Sources */,
				9F67FD3028DA13180030944F /* AppDelegate.swift in Sources */,
				9F67FD3228DA13180030944F /* SceneDelegate.swift in Sources */,
			);
			runOnlyForDeploymentPostprocessing = 0;
		};
		9F67FD3E28DA13190030944F /* Sources */ = {
			isa = PBXSourcesBuildPhase;
			buildActionMask = 2147483647;
			files = (
				9F67FD4728DA13190030944F /* iosdev_firstappTests.swift in Sources */,
			);
			runOnlyForDeploymentPostprocessing = 0;
		};
		9F67FD4828DA13190030944F /* Sources */ = {
			isa = PBXSourcesBuildPhase;
			buildActionMask = 2147483647;
			files = (
				9F67FD5128DA13190030944F /* iosdev_firstappUITests.swift in Sources */,
				9F67FD5328DA13190030944F /* iosdev_firstappUITestsLaunchTests.swift in Sources */,
			);
			runOnlyForDeploymentPostprocessing = 0;
		};
/* End PBXSourcesBuildPhase section */

/* Begin PBXTargetDependency section */
		9F67FD4428DA13190030944F /* PBXTargetDependency */ = {
			isa = PBXTargetDependency;
			target = 9F67FD2B28DA13180030944F /* iosdev-firstapp */;
			targetProxy = 9F67FD4328DA13190030944F /* PBXContainerItemProxy */;
		};
		9F67FD4E28DA13190030944F /* PBXTargetDependency */ = {
			isa = PBXTargetDependency;
			target = 9F67FD2B28DA13180030944F /* iosdev-firstapp */;
			targetProxy = 9F67FD4D28DA13190030944F /* PBXContainerItemProxy */;
		};
/* End PBXTargetDependency section */

/* Begin PBXVariantGroup section */
		9F67FD3528DA13180030944F /* Main.storyboard */ = {
			isa = PBXVariantGroup;
			children = (
				9F67FD3628DA13180030944F /* Base */,
			);
			name = Main.storyboard;
			sourceTree = "<group>";
		};
		9F67FD3A28DA13190030944F /* LaunchScreen.storyboard */ = {
			isa = PBXVariantGroup;
			children = (
				9F67FD3B28DA13190030944F /* Base */,
			);
			name = LaunchScreen.storyboard;
			sourceTree = "<group>";
		};
/* End PBXVariantGroup section */

/* Begin XCBuildConfiguration section */
		9F67FD5428DA13190030944F /* Debug */ = {
			isa = XCBuildConfiguration;
			buildSettings = {
				ALWAYS_SEARCH_USER_PATHS = NO;
				CLANG_ANALYZER_NONNULL = YES;
				CLANG_ANALYZER_NUMBER_OBJECT_CONVERSION = YES_AGGRESSIVE;
				CLANG_CXX_LANGUAGE_STANDARD = "gnu++20";
				CLANG_ENABLE_MODULES = YES;
				CLANG_ENABLE_OBJC_ARC = YES;
				CLANG_ENABLE_OBJC_WEAK = YES;
				CLANG_WARN_BLOCK_CAPTURE_AUTORELEASING = YES;
				CLANG_WARN_BOOL_CONVERSION = YES;
				CLANG_WARN_COMMA = YES;
				CLANG_WARN_CONSTANT_CONVERSION = YES;
				CLANG_WARN_DEPRECATED_OBJC_IMPLEMENTATIONS = YES;
				CLANG_WARN_DIRECT_OBJC_ISA_USAGE = YES_ERROR;
				CLANG_WARN_DOCUMENTATION_COMMENTS = YES;
				CLANG_WARN_EMPTY_BODY = YES;
				CLANG_WARN_ENUM_CONVERSION = YES;
				CLANG_WARN_INFINITE_RECURSION = YES;
				CLANG_WARN_INT_CONVERSION = YES;
				CLANG_WARN_NON_LITERAL_NULL_CONVERSION = YES;
				CLANG_WARN_OBJC_IMPLICIT_RETAIN_SELF = YES;
				CLANG_WARN_OBJC_LITERAL_CONVERSION = YES;
				CLANG_WARN_OBJC_ROOT_CLASS = YES_ERROR;
				CLANG_WARN_QUOTED_INCLUDE_IN_FRAMEWORK_HEADER = YES;
				CLANG_WARN_RANGE_LOOP_ANALYSIS = YES;
				CLANG_WARN_STRICT_PROTOTYPES = YES;
				CLANG_WARN_SUSPICIOUS_MOVE = YES;
				CLANG_WARN_UNGUARDED_AVAILABILITY = YES_AGGRESSIVE;
				CLANG_WARN_UNREACHABLE_CODE = YES;
				CLANG_WARN__DUPLICATE_METHOD_MATCH = YES;
				COPY_PHASE_STRIP = NO;
				DEBUG_INFORMATION_FORMAT = dwarf;
				ENABLE_STRICT_OBJC_MSGSEND = YES;
				ENABLE_TESTABILITY = YES;
				GCC_C_LANGUAGE_STANDARD = gnu11;
				GCC_DYNAMIC_NO_PIC = NO;
				GCC_NO_COMMON_BLOCKS = YES;
				GCC_OPTIMIZATION_LEVEL = 0;
				GCC_PREPROCESSOR_DEFINITIONS = (
					"DEBUG=1",
					"$(inherited)",
				);
				GCC_WARN_64_TO_32_BIT_CONVERSION = YES;
				GCC_WARN_ABOUT_RETURN_TYPE = YES_ERROR;
				GCC_WARN_UNDECLARED_SELECTOR = YES;
				GCC_WARN_UNINITIALIZED_AUTOS = YES_AGGRESSIVE;
				GCC_WARN_UNUSED_FUNCTION = YES;
				GCC_WARN_UNUSED_VARIABLE = YES;
				IPHONEOS_DEPLOYMENT_TARGET = 16.0;
				MTL_ENABLE_DEBUG_INFO = INCLUDE_SOURCE;
				MTL_FAST_MATH = YES;
				ONLY_ACTIVE_ARCH = YES;
				SDKROOT = iphoneos;
				SWIFT_ACTIVE_COMPILATION_CONDITIONS = DEBUG;
				SWIFT_OPTIMIZATION_LEVEL = "-Onone";
			};
			name = Debug;
		};
		9F67FD5528DA13190030944F /* Release */ = {
			isa = XCBuildConfiguration;
			buildSettings = {
				ALWAYS_SEARCH_USER_PATHS = NO;
				CLANG_ANALYZER_NONNULL = YES;
				CLANG_ANALYZER_NUMBER_OBJECT_CONVERSION = YES_AGGRESSIVE;
				CLANG_CXX_LANGUAGE_STANDARD = "gnu++20";
				CLANG_ENABLE_MODULES = YES;
				CLANG_ENABLE_OBJC_ARC = YES;
				CLANG_ENABLE_OBJC_WEAK = YES;
				CLANG_WARN_BLOCK_CAPTURE_AUTORELEASING = YES;
				CLANG_WARN_BOOL_CONVERSION = YES;
				CLANG_WARN_COMMA = YES;
				CLANG_WARN_CONSTANT_CONVERSION = YES;
				CLANG_WARN_DEPRECATED_OBJC_IMPLEMENTATIONS = YES;
				CLANG_WARN_DIRECT_OBJC_ISA_USAGE = YES_ERROR;
				CLANG_WARN_DOCUMENTATION_COMMENTS = YES;
				CLANG_WARN_EMPTY_BODY = YES;
				CLANG_WARN_ENUM_CONVERSION = YES;
				CLANG_WARN_INFINITE_RECURSION = YES;
				CLANG_WARN_INT_CONVERSION = YES;
				CLANG_WARN_NON_LITERAL_NULL_CONVERSION = YES;
				CLANG_WARN_OBJC_IMPLICIT_RETAIN_SELF = YES;
				CLANG_WARN_OBJC_LITERAL_CONVERSION = YES;
				CLANG_WARN_OBJC_ROOT_CLASS = YES_ERROR;
				CLANG_WARN_QUOTED_INCLUDE_IN_FRAMEWORK_HEADER = YES;
				CLANG_WARN_RANGE_LOOP_ANALYSIS = YES;
				CLANG_WARN_STRICT_PROTOTYPES = YES;
				CLANG_WARN_SUSPICIOUS_MOVE = YES;
				CLANG_WARN_UNGUARDED_AVAILABILITY = YES_AGGRESSIVE;
				CLANG_WARN_UNREACHABLE_CODE = YES;
				CLANG_WARN__DUPLICATE_METHOD_MATCH = YES;
				COPY_PHASE_STRIP = NO;
				DEBUG_INFORMATION_FORMAT = "dwarf-with-dsym";
				ENABLE_NS_ASSERTIONS = NO;
				ENABLE_STRICT_OBJC_MSGSEND = YES;
				GCC_C_LANGUAGE_STANDARD = gnu11;
				GCC_NO_COMMON_BLOCKS = YES;
				GCC_WARN_64_TO_32_BIT_CONVERSION = YES;
				GCC_WARN_ABOUT_RETURN_TYPE = YES_ERROR;
				GCC_WARN_UNDECLARED_SELECTOR = YES;
				GCC_WARN_UNINITIALIZED_AUTOS = YES_AGGRESSIVE;
				GCC_WARN_UNUSED_FUNCTION = YES;
				GCC_WARN_UNUSED_VARIABLE = YES;
				IPHONEOS_DEPLOYMENT_TARGET = 16.0;
				MTL_ENABLE_DEBUG_INFO = NO;
				MTL_FAST_MATH = YES;
				SDKROOT = iphoneos;
				SWIFT_COMPILATION_MODE = wholemodule;
				SWIFT_OPTIMIZATION_LEVEL = "-O";
				VALIDATE_PRODUCT = YES;
			};
			name = Release;
		};
		9F67FD5728DA13190030944F /* Debug */ = {
			isa = XCBuildConfiguration;
			buildSettings = {
				ASSETCATALOG_COMPILER_APPICON_NAME = AppIcon;
				ASSETCATALOG_COMPILER_GLOBAL_ACCENT_COLOR_NAME = AccentColor;
				CODE_SIGN_STYLE = Automatic;
				CURRENT_PROJECT_VERSION = 1;
				GENERATE_INFOPLIST_FILE = YES;
				INFOPLIST_FILE = "iosdev-firstapp/Info.plist";
				INFOPLIST_KEY_UIApplicationSupportsIndirectInputEvents = YES;
				INFOPLIST_KEY_UILaunchStoryboardName = LaunchScreen;
				INFOPLIST_KEY_UIMainStoryboardFile = Main;
				INFOPLIST_KEY_UISupportedInterfaceOrientations_iPad = "UIInterfaceOrientationPortrait UIInterfaceOrientationPortraitUpsideDown UIInterfaceOrientationLandscapeLeft UIInterfaceOrientationLandscapeRight";
				INFOPLIST_KEY_UISupportedInterfaceOrientations_iPhone = "UIInterfaceOrientationPortrait UIInterfaceOrientationLandscapeLeft UIInterfaceOrientationLandscapeRight";
				LD_RUNPATH_SEARCH_PATHS = (
					"$(inherited)",
					"@executable_path/Frameworks",
				);
				MARKETING_VERSION = 1.0;
				PRODUCT_BUNDLE_IDENTIFIER = "com.nandha.iosdev-firstapp";
				PRODUCT_NAME = "$(TARGET_NAME)";
				SWIFT_EMIT_LOC_STRINGS = YES;
				SWIFT_VERSION = 5.0;
				TARGETED_DEVICE_FAMILY = "1,2";
			};
			name = Debug;
		};
		9F67FD5828DA13190030944F /* Release */ = {
			isa = XCBuildConfiguration;
			buildSettings = {
				ASSETCATALOG_COMPILER_APPICON_NAME = AppIcon;
				ASSETCATALOG_COMPILER_GLOBAL_ACCENT_COLOR_NAME = AccentColor;
				CODE_SIGN_STYLE = Automatic;
				CURRENT_PROJECT_VERSION = 1;
				GENERATE_INFOPLIST_FILE = YES;
				INFOPLIST_FILE = "iosdev-firstapp/Info.plist";
				INFOPLIST_KEY_UIApplicationSupportsIndirectInputEvents = YES;
				INFOPLIST_KEY_UILaunchStoryboardName = LaunchScreen;
				INFOPLIST_KEY_UIMainStoryboardFile = Main;
				INFOPLIST_KEY_UISupportedInterfaceOrientations_iPad = "UIInterfaceOrientationPortrait UIInterfaceOrientationPortraitUpsideDown UIInterfaceOrientationLandscapeLeft UIInterfaceOrientationLandscapeRight";
				INFOPLIST_KEY_UISupportedInterfaceOrientations_iPhone = "UIInterfaceOrientationPortrait UIInterfaceOrientationLandscapeLeft UIInterfaceOrientationLandscapeRight";
				LD_RUNPATH_SEARCH_PATHS = (
					"$(inherited)",
					"@executable_path/Frameworks",
				);
				MARKETING_VERSION = 1.0;
				PRODUCT_BUNDLE_IDENTIFIER = "com.nandha.iosdev-firstapp";
				PRODUCT_NAME = "$(TARGET_NAME)";
				SWIFT_EMIT_LOC_STRINGS = YES;
				SWIFT_VERSION = 5.0;
				TARGETED_DEVICE_FAMILY = "1,2";
			};
			name = Release;
		};
		9F67FD5A28DA13190030944F /* Debug */ = {
			isa = XCBuildConfiguration;
			buildSettings = {
				ALWAYS_EMBED_SWIFT_STANDARD_LIBRARIES = YES;
				BUNDLE_LOADER = "$(TEST_HOST)";
				CODE_SIGN_STYLE = Automatic;
				CURRENT_PROJECT_VERSION = 1;
				GENERATE_INFOPLIST_FILE = YES;
				IPHONEOS_DEPLOYMENT_TARGET = 16.0;
				MARKETING_VERSION = 1.0;
				PRODUCT_BUNDLE_IDENTIFIER = "com.nandha.iosdev-firstappTests";
				PRODUCT_NAME = "$(TARGET_NAME)";
				SWIFT_EMIT_LOC_STRINGS = NO;
				SWIFT_VERSION = 5.0;
				TARGETED_DEVICE_FAMILY = "1,2";
				TEST_HOST = "$(BUILT_PRODUCTS_DIR)/iosdev-firstapp.app/$(BUNDLE_EXECUTABLE_FOLDER_PATH)/iosdev-firstapp";
			};
			name = Debug;
		};
		9F67FD5B28DA13190030944F /* Release */ = {
			isa = XCBuildConfiguration;
			buildSettings = {
				ALWAYS_EMBED_SWIFT_STANDARD_LIBRARIES = YES;
				BUNDLE_LOADER = "$(TEST_HOST)";
				CODE_SIGN_STYLE = Automatic;
				CURRENT_PROJECT_VERSION = 1;
				GENERATE_INFOPLIST_FILE = YES;
				IPHONEOS_DEPLOYMENT_TARGET = 16.0;
				MARKETING_VERSION = 1.0;
				PRODUCT_BUNDLE_IDENTIFIER = "com.nandha.iosdev-firstappTests";
				PRODUCT_NAME = "$(TARGET_NAME)";
				SWIFT_EMIT_LOC_STRINGS = NO;
				SWIFT_VERSION = 5.0;
				TARGETED_DEVICE_FAMILY = "1,2";
				TEST_HOST = "$(BUILT_PRODUCTS_DIR)/iosdev-firstapp.app/$(BUNDLE_EXECUTABLE_FOLDER_PATH)/iosdev-firstapp";
			};
			name = Release;
		};
		9F67FD5D28DA13190030944F /* Debug */ = {
			isa = XCBuildConfiguration;
			buildSettings = {
				ALWAYS_EMBED_SWIFT_STANDARD_LIBRARIES = YES;
				CODE_SIGN_STYLE = Automatic;
				CURRENT_PROJECT_VERSION = 1;
				GENERATE_INFOPLIST_FILE = YES;
				MARKETING_VERSION = 1.0;
				PRODUCT_BUNDLE_IDENTIFIER = "com.nandha.iosdev-firstappUITests";
				PRODUCT_NAME = "$(TARGET_NAME)";
				SWIFT_EMIT_LOC_STRINGS = NO;
				SWIFT_VERSION = 5.0;
				TARGETED_DEVICE_FAMILY = "1,2";
				TEST_TARGET_NAME = "iosdev-firstapp";
			};
			name = Debug;
		};
		9F67FD5E28DA13190030944F /* Release */ = {
			isa = XCBuildConfiguration;
			buildSettings = {
				ALWAYS_EMBED_SWIFT_STANDARD_LIBRARIES = YES;
				CODE_SIGN_STYLE = Automatic;
				CURRENT_PROJECT_VERSION = 1;
				GENERATE_INFOPLIST_FILE = YES;
				MARKETING_VERSION = 1.0;
				PRODUCT_BUNDLE_IDENTIFIER = "com.nandha.iosdev-firstappUITests";
				PRODUCT_NAME = "$(TARGET_NAME)";
				SWIFT_EMIT_LOC_STRINGS = NO;
				SWIFT_VERSION = 5.0;
				TARGETED_DEVICE_FAMILY = "1,2";
				TEST_TARGET_NAME = "iosdev-firstapp";
			};
			name = Release;
		};
/* End XCBuildConfiguration section */

/* Begin XCConfigurationList section */
		9F67FD2728DA13170030944F /* Build configuration list for PBXProject "iosdev-firstapp" */ = {
			isa = XCConfigurationList;
			buildConfigurations = (
				9F67FD5428DA13190030944F /* Debug */,
				9F67FD5528DA13190030944F /* Release */,
			);
			defaultConfigurationIsVisible = 0;
			defaultConfigurationName = Release;
		};
		9F67FD5628DA13190030944F /* Build configuration list for PBXNativeTarget "iosdev-firstapp" */ = {
			isa = XCConfigurationList;
			buildConfigurations = (
				9F67FD5728DA13190030944F /* Debug */,
				9F67FD5828DA13190030944F /* Release */,
			);
			defaultConfigurationIsVisible = 0;
			defaultConfigurationName = Release;
		};
		9F67FD5928DA13190030944F /* Build configuration list for PBXNativeTarget "iosdev-firstappTests" */ = {
			isa = XCConfigurationList;
			buildConfigurations = (
				9F67FD5A28DA13190030944F /* Debug */,
				9F67FD5B28DA13190030944F /* Release */,
			);
			defaultConfigurationIsVisible = 0;
			defaultConfigurationName = Release;
		};
		9F67FD5C28DA13190030944F /* Build configuration list for PBXNativeTarget "iosdev-firstappUITests" */ = {
			isa = XCConfigurationList;
			buildConfigurations = (
				9F67FD5D28DA13190030944F /* Debug */,
				9F67FD5E28DA13190030944F /* Release */,
			);
			defaultConfigurationIsVisible = 0;
			defaultConfigurationName = Release;
		};
/* End XCConfigurationList section */
	};
	rootObject = 9F67FD2428DA13170030944F /* Project object */;
}
